
Microsoft Visual Studio Solution File, Format Version 12.00
# Visual Studio 14
VisualStudioVersion = 14.0.24720.0
MinimumVisualStudioVersion = 10.0.40219.1
Project("{2150E333-8FDC-42A3-9474-1A3956D46DE8}") = "src", "src", "{78C23AF3-EC9D-4F37-8CBA-9ED95827EE5C}"
EndProject
Project("{2150E333-8FDC-42A3-9474-1A3956D46DE8}") = "Solution Items", "Solution Items", "{A249FBA3-B367-4964-A3E8-9884FB4414AB}"
	ProjectSection(SolutionItems) = preProject
		global.json = global.json
	EndProjectSection
EndProject
Project("{8BB2217D-0F2D-49D1-97BC-3654ED321F3B}") = "Website1", "src\Website1\Website1.xproj", "{19CE88F6-8F10-4E22-8252-BA61C2CADDF4}"
EndProject
Project("{8BB2217D-0F2D-49D1-97BC-3654ED321F3B}") = "Webapp.support", "src\Webapp.support\Webapp.support.xproj", "{A494440E-253D-44A6-B3BD-F1C725595114}"
EndProject
Global
	GlobalSection(SolutionConfigurationPlatforms) = preSolution
		Debug|Any CPU = Debug|Any CPU
		Release|Any CPU = Release|Any CPU
	EndGlobalSection
	GlobalSection(ProjectConfigurationPlatforms) = postSolution
		{19CE88F6-8F10-4E22-8252-BA61C2CADDF4}.Debug|Any CPU.ActiveCfg = Debug|Any CPU
		{19CE88F6-8F10-4E22-8252-BA61C2CADDF4}.Debug|Any CPU.Build.0 = Debug|Any CPU
		{19CE88F6-8F10-4E22-8252-BA61C2CADDF4}.Release|Any CPU.ActiveCfg = Release|Any CPU
		{19CE88F6-8F10-4E22-8252-BA61C2CADDF4}.Release|Any CPU.Build.0 = Release|Any CPU
		{A494440E-253D-44A6-B3BD-F1C725595114}.Debug|Any CPU.ActiveCfg = Debug|Any CPU
		{A494440E-253D-44A6-B3BD-F1C725595114}.Debug|Any CPU.Build.0 = Debug|Any CPU
		{A494440E-253D-44A6-B3BD-F1C725595114}.Release|Any CPU.ActiveCfg = Release|Any CPU
		{A494440E-253D-44A6-B3BD-F1C725595114}.Release|Any CPU.Build.0 = Release|Any CPU
	EndGlobalSection
	GlobalSection(SolutionProperties) = preSolution
		HideSolutionNode = FALSE
	EndGlobalSection
	GlobalSection(NestedProjects) = preSolution
		{19CE88F6-8F10-4E22-8252-BA61C2CADDF4} = {78C23AF3-EC9D-4F37-8CBA-9ED95827EE5C}
		{A494440E-253D-44A6-B3BD-F1C725595114} = {78C23AF3-EC9D-4F37-8CBA-9ED95827EE5C}
	EndGlobalSection
EndGlobal
